
Microsoft Visual Studio Solution File, Format Version 12.00
# Visual Studio Version 17
VisualStudioVersion = 17.3.32929.385
MinimumVisualStudioVersion = 10.0.40219.1
Project("{FAE04EC0-301F-11D3-BF4B-00C04F79EFBC}") = "PowerBIv2", "PowerBIv2.csproj", "{DD50E2A7-35E4-460A-A5A9-014AFC4B8BA8}"
EndProject
Project("{FAE04EC0-301F-11D3-BF4B-00C04F79EFBC}") = "DataCacheStorage", "..\DataCacheStorage\DataCacheStorage.csproj", "{12C853E4-9EFE-4FB5-9125-AE2AA777AE42}"
EndProject
Project("{FAE04EC0-301F-11D3-BF4B-00C04F79EFBC}") = "DataServices", "..\DataServices\DataServices.csproj", "{C04131D7-B265-4477-8E79-6874F77488B9}"
EndProject
Project("{FAE04EC0-301F-11D3-BF4B-00C04F79EFBC}") = "DataSourceRepositories", "..\DataSourceRepositories\DataSourceRepositories.csproj", "{999F5E4F-78E2-43BF-BA9E-784D43655296}"
EndProject
Project("{FAE04EC0-301F-11D3-BF4B-00C04F79EFBC}") = "Entities", "..\Entities\Entities.csproj", "{1D30F923-4AEC-4613-910A-04BB85874128}"
EndProject
Project("{FAE04EC0-301F-11D3-BF4B-00C04F79EFBC}") = "IDataSourcePerositories", "..\IDataSourcePerositories\IDataSourcePerositories.csproj", "{0146182A-5EF3-4609-9ADD-2A20CDCDE5DB}"
EndProject
Project("{FAE04EC0-301F-11D3-BF4B-00C04F79EFBC}") = "IDataCacheStorage", "..\IDataCacheStorage\IDataCacheStorage.csproj", "{A24448D8-E424-489F-AB7A-A7D429D4A152}"
EndProject
Project("{FAE04EC0-301F-11D3-BF4B-00C04F79EFBC}") = "IServices", "..\IServices\IServices.csproj", "{68B6230A-ACDD-4F98-8554-F4116087D05F}"
EndProject
Project("{FAE04EC0-301F-11D3-BF4B-00C04F79EFBC}") = "IVisuals", "..\IVisuals\IVisuals.csproj", "{01603AA1-BD67-4665-ADD0-93C8D12963B8}"
EndProject
Project("{FAE04EC0-301F-11D3-BF4B-00C04F79EFBC}") = "Presenters", "..\Presenters\Presenters.csproj", "{B4B057F4-E445-4396-B55D-4BC616F62BDF}"
EndProject
Project("{FAE04EC0-301F-11D3-BF4B-00C04F79EFBC}") = "Visuals", "..\Visuals\Visuals.csproj", "{ED1CFD70-505C-431E-A542-391100F8003B}"
EndProject
Global
	GlobalSection(SolutionConfigurationPlatforms) = preSolution
		Debug|Any CPU = Debug|Any CPU
		Release|Any CPU = Release|Any CPU
	EndGlobalSection
	GlobalSection(ProjectConfigurationPlatforms) = postSolution
		{DD50E2A7-35E4-460A-A5A9-014AFC4B8BA8}.Debug|Any CPU.ActiveCfg = Debug|Any CPU
		{DD50E2A7-35E4-460A-A5A9-014AFC4B8BA8}.Debug|Any CPU.Build.0 = Debug|Any CPU
		{DD50E2A7-35E4-460A-A5A9-014AFC4B8BA8}.Release|Any CPU.ActiveCfg = Release|Any CPU
		{DD50E2A7-35E4-460A-A5A9-014AFC4B8BA8}.Release|Any CPU.Build.0 = Release|Any CPU
		{12C853E4-9EFE-4FB5-9125-AE2AA777AE42}.Debug|Any CPU.ActiveCfg = Debug|Any CPU
		{12C853E4-9EFE-4FB5-9125-AE2AA777AE42}.Debug|Any CPU.Build.0 = Debug|Any CPU
		{12C853E4-9EFE-4FB5-9125-AE2AA777AE42}.Release|Any CPU.ActiveCfg = Release|Any CPU
		{12C853E4-9EFE-4FB5-9125-AE2AA777AE42}.Release|Any CPU.Build.0 = Release|Any CPU
		{C04131D7-B265-4477-8E79-6874F77488B9}.Debug|Any CPU.ActiveCfg = Debug|Any CPU
		{C04131D7-B265-4477-8E79-6874F77488B9}.Debug|Any CPU.Build.0 = Debug|Any CPU
		{C04131D7-B265-4477-8E79-6874F77488B9}.Release|Any CPU.ActiveCfg = Release|Any CPU
		{C04131D7-B265-4477-8E79-6874F77488B9}.Release|Any CPU.Build.0 = Release|Any CPU
		{999F5E4F-78E2-43BF-BA9E-784D43655296}.Debug|Any CPU.ActiveCfg = Debug|Any CPU
		{999F5E4F-78E2-43BF-BA9E-784D43655296}.Debug|Any CPU.Build.0 = Debug|Any CPU
		{999F5E4F-78E2-43BF-BA9E-784D43655296}.Release|Any CPU.ActiveCfg = Release|Any CPU
		{999F5E4F-78E2-43BF-BA9E-784D43655296}.Release|Any CPU.Build.0 = Release|Any CPU
		{1D30F923-4AEC-4613-910A-04BB85874128}.Debug|Any CPU.ActiveCfg = Debug|Any CPU
		{1D30F923-4AEC-4613-910A-04BB85874128}.Debug|Any CPU.Build.0 = Debug|Any CPU
		{1D30F923-4AEC-4613-910A-04BB85874128}.Release|Any CPU.ActiveCfg = Release|Any CPU
		{1D30F923-4AEC-4613-910A-04BB85874128}.Release|Any CPU.Build.0 = Release|Any CPU
		{0146182A-5EF3-4609-9ADD-2A20CDCDE5DB}.Debug|Any CPU.ActiveCfg = Debug|Any CPU
		{0146182A-5EF3-4609-9ADD-2A20CDCDE5DB}.Debug|Any CPU.Build.0 = Debug|Any CPU
		{0146182A-5EF3-4609-9ADD-2A20CDCDE5DB}.Release|Any CPU.ActiveCfg = Release|Any CPU
		{0146182A-5EF3-4609-9ADD-2A20CDCDE5DB}.Release|Any CPU.Build.0 = Release|Any CPU
		{A24448D8-E424-489F-AB7A-A7D429D4A152}.Debug|Any CPU.ActiveCfg = Debug|Any CPU
		{A24448D8-E424-489F-AB7A-A7D429D4A152}.Debug|Any CPU.Build.0 = Debug|Any CPU
		{A24448D8-E424-489F-AB7A-A7D429D4A152}.Release|Any CPU.ActiveCfg = Release|Any CPU
		{A24448D8-E424-489F-AB7A-A7D429D4A152}.Release|Any CPU.Build.0 = Release|Any CPU
		{68B6230A-ACDD-4F98-8554-F4116087D05F}.Debug|Any CPU.ActiveCfg = Debug|Any CPU
		{68B6230A-ACDD-4F98-8554-F4116087D05F}.Debug|Any CPU.Build.0 = Debug|Any CPU
		{68B6230A-ACDD-4F98-8554-F4116087D05F}.Release|Any CPU.ActiveCfg = Release|Any CPU
		{68B6230A-ACDD-4F98-8554-F4116087D05F}.Release|Any CPU.Build.0 = Release|Any CPU
		{01603AA1-BD67-4665-ADD0-93C8D12963B8}.Debug|Any CPU.ActiveCfg = Debug|Any CPU
		{01603AA1-BD67-4665-ADD0-93C8D12963B8}.Debug|Any CPU.Build.0 = Debug|Any CPU
		{01603AA1-BD67-4665-ADD0-93C8D12963B8}.Release|Any CPU.ActiveCfg = Release|Any CPU
		{01603AA1-BD67-4665-ADD0-93C8D12963B8}.Release|Any CPU.Build.0 = Release|Any CPU
		{B4B057F4-E445-4396-B55D-4BC616F62BDF}.Debug|Any CPU.ActiveCfg = Debug|Any CPU
		{B4B057F4-E445-4396-B55D-4BC616F62BDF}.Debug|Any CPU.Build.0 = Debug|Any CPU
		{B4B057F4-E445-4396-B55D-4BC616F62BDF}.Release|Any CPU.ActiveCfg = Release|Any CPU
		{B4B057F4-E445-4396-B55D-4BC616F62BDF}.Release|Any CPU.Build.0 = Release|Any CPU
		{ED1CFD70-505C-431E-A542-391100F8003B}.Debug|Any CPU.ActiveCfg = Debug|Any CPU
		{ED1CFD70-505C-431E-A542-391100F8003B}.Debug|Any CPU.Build.0 = Debug|Any CPU
		{ED1CFD70-505C-431E-A542-391100F8003B}.Release|Any CPU.ActiveCfg = Release|Any CPU
		{ED1CFD70-505C-431E-A542-391100F8003B}.Release|Any CPU.Build.0 = Release|Any CPU
	EndGlobalSection
	GlobalSection(SolutionProperties) = preSolution
		HideSolutionNode = FALSE
	EndGlobalSection
	GlobalSection(ExtensibilityGlobals) = postSolution
		SolutionGuid = {ECCC04C6-644B-411C-BFA0-B93D328B7A2E}
	EndGlobalSection
EndGlobal
